
Microsoft Visual Studio Solution File, Format Version 12.00
# Visual Studio 14
VisualStudioVersion = 14.0.25123.0
MinimumVisualStudioVersion = 10.0.40219.1
Project("{FAE04EC0-301F-11D3-BF4B-00C04F79EFBC}") = "BOL", "BOL\BOL.csproj", "{89734821-3EC8-4D98-95FA-86A9B6F9A4ED}"
EndProject
Project("{FAE04EC0-301F-11D3-BF4B-00C04F79EFBC}") = "TestConsole", "TestConsole\TestConsole.csproj", "{880E6F9C-50CE-4BAD-A417-3E66079F850D}"
EndProject
Global
	GlobalSection(SolutionConfigurationPlatforms) = preSolution
		Debug|Any CPU = Debug|Any CPU
		Release|Any CPU = Release|Any CPU
	EndGlobalSection
	GlobalSection(ProjectConfigurationPlatforms) = postSolution
		{89734821-3EC8-4D98-95FA-86A9B6F9A4ED}.Debug|Any CPU.ActiveCfg = Debug|Any CPU
		{89734821-3EC8-4D98-95FA-86A9B6F9A4ED}.Debug|Any CPU.Build.0 = Debug|Any CPU
		{89734821-3EC8-4D98-95FA-86A9B6F9A4ED}.Release|Any CPU.ActiveCfg = Release|Any CPU
		{89734821-3EC8-4D98-95FA-86A9B6F9A4ED}.Release|Any CPU.Build.0 = Release|Any CPU
		{880E6F9C-50CE-4BAD-A417-3E66079F850D}.Debug|Any CPU.ActiveCfg = Debug|Any CPU
		{880E6F9C-50CE-4BAD-A417-3E66079F850D}.Debug|Any CPU.Build.0 = Debug|Any CPU
		{880E6F9C-50CE-4BAD-A417-3E66079F850D}.Release|Any CPU.ActiveCfg = Release|Any CPU
		{880E6F9C-50CE-4BAD-A417-3E66079F850D}.Release|Any CPU.Build.0 = Release|Any CPU
	EndGlobalSection
	GlobalSection(SolutionProperties) = preSolution
		HideSolutionNode = FALSE
	EndGlobalSection
	GlobalSection(TeamFoundationVersionControl) = preSolution
		SccNumberOfProjects = 3
		SccEnterpriseProvider = {4CA58AB2-18FA-4F8D-95D4-32DDF27D184C}
		SccTeamFoundationServer = https://the-sid.visualstudio.com/
		SccLocalPath0 = .
		SccProjectUniqueName1 = BOL\\BOL.csproj
		SccProjectName1 = BOL
		SccLocalPath1 = BOL
		SccProjectUniqueName2 = TestConsole\\TestConsole.csproj
		SccProjectName2 = TestConsole
		SccLocalPath2 = TestConsole
	EndGlobalSection
EndGlobal
